
Microsoft Visual Studio Solution File, Format Version 12.00
# Visual Studio Version 17
VisualStudioVersion = 17.11.35312.102
MinimumVisualStudioVersion = 10.0.40219.1
Project("{FAE04EC0-301F-11D3-BF4B-00C04F79EFBC}") = "BAL", "BAL\BAL.csproj", "{806183FE-F8E7-42EA-8D38-E71FA752C91B}"
EndProject
Project("{FAE04EC0-301F-11D3-BF4B-00C04F79EFBC}") = "DAL", "DAL\DAL.csproj", "{DE69613F-F86D-4B73-80A1-CCD22BF9B644}"
EndProject
Project("{FAE04EC0-301F-11D3-BF4B-00C04F79EFBC}") = "BEPeer", "BEPeer\BEPeer.csproj", "{234661FB-229C-4ECD-9CA0-6488D64BC2B8}"
EndProject
Global
	GlobalSection(SolutionConfigurationPlatforms) = preSolution
		Debug|Any CPU = Debug|Any CPU
		Release|Any CPU = Release|Any CPU
	EndGlobalSection
	GlobalSection(ProjectConfigurationPlatforms) = postSolution
		{806183FE-F8E7-42EA-8D38-E71FA752C91B}.Debug|Any CPU.ActiveCfg = Debug|Any CPU
		{806183FE-F8E7-42EA-8D38-E71FA752C91B}.Debug|Any CPU.Build.0 = Debug|Any CPU
		{806183FE-F8E7-42EA-8D38-E71FA752C91B}.Release|Any CPU.ActiveCfg = Release|Any CPU
		{806183FE-F8E7-42EA-8D38-E71FA752C91B}.Release|Any CPU.Build.0 = Release|Any CPU
		{DE69613F-F86D-4B73-80A1-CCD22BF9B644}.Debug|Any CPU.ActiveCfg = Debug|Any CPU
		{DE69613F-F86D-4B73-80A1-CCD22BF9B644}.Debug|Any CPU.Build.0 = Debug|Any CPU
		{DE69613F-F86D-4B73-80A1-CCD22BF9B644}.Release|Any CPU.ActiveCfg = Release|Any CPU
		{DE69613F-F86D-4B73-80A1-CCD22BF9B644}.Release|Any CPU.Build.0 = Release|Any CPU
		{234661FB-229C-4ECD-9CA0-6488D64BC2B8}.Debug|Any CPU.ActiveCfg = Debug|Any CPU
		{234661FB-229C-4ECD-9CA0-6488D64BC2B8}.Debug|Any CPU.Build.0 = Debug|Any CPU
		{234661FB-229C-4ECD-9CA0-6488D64BC2B8}.Release|Any CPU.ActiveCfg = Release|Any CPU
		{234661FB-229C-4ECD-9CA0-6488D64BC2B8}.Release|Any CPU.Build.0 = Release|Any CPU
	EndGlobalSection
	GlobalSection(SolutionProperties) = preSolution
		HideSolutionNode = FALSE
	EndGlobalSection
	GlobalSection(ExtensibilityGlobals) = postSolution
		SolutionGuid = {31F2E5FC-DEDF-4B69-B1F8-F01A5A15C47A}
	EndGlobalSection
EndGlobal
